
Microsoft Visual Studio Solution File, Format Version 12.00
# Visual Studio 14
VisualStudioVersion = 14.0.25420.1
MinimumVisualStudioVersion = 10.0.40219.1
Project("{FAE04EC0-301F-11D3-BF4B-00C04F79EFBC}") = "DriveAPI.Core", "DriveAPI.Core\DriveAPI.Core.csproj", "{C013E18B-2B0B-47CC-B7E2-6DF683B75578}"
EndProject
Project("{FAE04EC0-301F-11D3-BF4B-00C04F79EFBC}") = "DeveloperKeyInfo", "DeveloperKeyInfo\DeveloperKeyInfo.csproj", "{1AB445E0-EFE2-4B6E-8254-D07F9DA1BD6B}"
EndProject
Project("{FAE04EC0-301F-11D3-BF4B-00C04F79EFBC}") = "DropBoxStyle", "DropBoxStyle\DropBoxStyle.csproj", "{6F043A85-C484-4B1B-AC2E-045E9EEF1281}"
EndProject
Project("{FAE04EC0-301F-11D3-BF4B-00C04F79EFBC}") = "DropBoxManager", "DropBoxManager\DropBoxManager.csproj", "{80173025-2E2F-46B5-A7A3-02E43476BAFC}"
EndProject
Project("{FAE04EC0-301F-11D3-BF4B-00C04F79EFBC}") = "WebDriveUM", "WebDriveUM\WebDriveUM.csproj", "{F0B9F938-43AD-49BC-AAA2-9769BDA8990F}"
EndProject
Project("{FAE04EC0-301F-11D3-BF4B-00C04F79EFBC}") = "Link.Data", "Link.Data\Link.Data.csproj", "{177D6790-BC38-4896-B078-5A8A26F8ACE2}"
EndProject
Global
	GlobalSection(SolutionConfigurationPlatforms) = preSolution
		Debug|Any CPU = Debug|Any CPU
		Release|Any CPU = Release|Any CPU
	EndGlobalSection
	GlobalSection(ProjectConfigurationPlatforms) = postSolution
		{C013E18B-2B0B-47CC-B7E2-6DF683B75578}.Debug|Any CPU.ActiveCfg = Debug|Any CPU
		{C013E18B-2B0B-47CC-B7E2-6DF683B75578}.Debug|Any CPU.Build.0 = Debug|Any CPU
		{C013E18B-2B0B-47CC-B7E2-6DF683B75578}.Release|Any CPU.ActiveCfg = Release|Any CPU
		{C013E18B-2B0B-47CC-B7E2-6DF683B75578}.Release|Any CPU.Build.0 = Release|Any CPU
		{1AB445E0-EFE2-4B6E-8254-D07F9DA1BD6B}.Debug|Any CPU.ActiveCfg = Debug|Any CPU
		{1AB445E0-EFE2-4B6E-8254-D07F9DA1BD6B}.Debug|Any CPU.Build.0 = Debug|Any CPU
		{1AB445E0-EFE2-4B6E-8254-D07F9DA1BD6B}.Release|Any CPU.ActiveCfg = Release|Any CPU
		{1AB445E0-EFE2-4B6E-8254-D07F9DA1BD6B}.Release|Any CPU.Build.0 = Release|Any CPU
		{6F043A85-C484-4B1B-AC2E-045E9EEF1281}.Debug|Any CPU.ActiveCfg = Debug|Any CPU
		{6F043A85-C484-4B1B-AC2E-045E9EEF1281}.Debug|Any CPU.Build.0 = Debug|Any CPU
		{6F043A85-C484-4B1B-AC2E-045E9EEF1281}.Release|Any CPU.ActiveCfg = Release|Any CPU
		{6F043A85-C484-4B1B-AC2E-045E9EEF1281}.Release|Any CPU.Build.0 = Release|Any CPU
		{80173025-2E2F-46B5-A7A3-02E43476BAFC}.Debug|Any CPU.ActiveCfg = Debug|Any CPU
		{80173025-2E2F-46B5-A7A3-02E43476BAFC}.Debug|Any CPU.Build.0 = Debug|Any CPU
		{80173025-2E2F-46B5-A7A3-02E43476BAFC}.Release|Any CPU.ActiveCfg = Release|Any CPU
		{80173025-2E2F-46B5-A7A3-02E43476BAFC}.Release|Any CPU.Build.0 = Release|Any CPU
		{F0B9F938-43AD-49BC-AAA2-9769BDA8990F}.Debug|Any CPU.ActiveCfg = Debug|Any CPU
		{F0B9F938-43AD-49BC-AAA2-9769BDA8990F}.Debug|Any CPU.Build.0 = Debug|Any CPU
		{F0B9F938-43AD-49BC-AAA2-9769BDA8990F}.Release|Any CPU.ActiveCfg = Release|Any CPU
		{F0B9F938-43AD-49BC-AAA2-9769BDA8990F}.Release|Any CPU.Build.0 = Release|Any CPU
		{177D6790-BC38-4896-B078-5A8A26F8ACE2}.Debug|Any CPU.ActiveCfg = Debug|Any CPU
		{177D6790-BC38-4896-B078-5A8A26F8ACE2}.Debug|Any CPU.Build.0 = Debug|Any CPU
		{177D6790-BC38-4896-B078-5A8A26F8ACE2}.Release|Any CPU.ActiveCfg = Release|Any CPU
		{177D6790-BC38-4896-B078-5A8A26F8ACE2}.Release|Any CPU.Build.0 = Release|Any CPU
	EndGlobalSection
	GlobalSection(SolutionProperties) = preSolution
		HideSolutionNode = FALSE
	EndGlobalSection
EndGlobal
